
Microsoft Visual Studio Solution File, Format Version 12.00
# Visual Studio 15
VisualStudioVersion = 15.0.27130.2003
MinimumVisualStudioVersion = 10.0.40219.1
Project("{FAE04EC0-301F-11D3-BF4B-00C04F79EFBC}") = "V2RayS", "V2RayS\V2RayS.csproj", "{8F0C0712-D429-4C1C-873C-BDC8ABF0454C}"
EndProject
Global
	GlobalSection(SolutionConfigurationPlatforms) = preSolution
		Debug|Any CPU = Debug|Any CPU
		Debug|x64 = Debug|x64
		Debug|x86 = Debug|x86
		Release|Any CPU = Release|Any CPU
		Release|x64 = Release|x64
		Release|x86 = Release|x86
	EndGlobalSection
	GlobalSection(ProjectConfigurationPlatforms) = postSolution
		{8F0C0712-D429-4C1C-873C-BDC8ABF0454C}.Debug|Any CPU.ActiveCfg = Debug|Any CPU
		{8F0C0712-D429-4C1C-873C-BDC8ABF0454C}.Debug|Any CPU.Build.0 = Debug|Any CPU
		{8F0C0712-D429-4C1C-873C-BDC8ABF0454C}.Debug|x64.ActiveCfg = Debug|x64
		{8F0C0712-D429-4C1C-873C-BDC8ABF0454C}.Debug|x64.Build.0 = Debug|x64
		{8F0C0712-D429-4C1C-873C-BDC8ABF0454C}.Debug|x86.ActiveCfg = Debug|x86
		{8F0C0712-D429-4C1C-873C-BDC8ABF0454C}.Debug|x86.Build.0 = Debug|x86
		{8F0C0712-D429-4C1C-873C-BDC8ABF0454C}.Release|Any CPU.ActiveCfg = Release|Any CPU
		{8F0C0712-D429-4C1C-873C-BDC8ABF0454C}.Release|Any CPU.Build.0 = Release|Any CPU
		{8F0C0712-D429-4C1C-873C-BDC8ABF0454C}.Release|x64.ActiveCfg = Release|x64
		{8F0C0712-D429-4C1C-873C-BDC8ABF0454C}.Release|x64.Build.0 = Release|x64
		{8F0C0712-D429-4C1C-873C-BDC8ABF0454C}.Release|x86.ActiveCfg = Release|x86
		{8F0C0712-D429-4C1C-873C-BDC8ABF0454C}.Release|x86.Build.0 = Release|x86
	EndGlobalSection
	GlobalSection(SolutionProperties) = preSolution
		HideSolutionNode = FALSE
	EndGlobalSection
	GlobalSection(ExtensibilityGlobals) = postSolution
		SolutionGuid = {DC6DF114-0E31-42A9-9457-318AF8B9759D}
	EndGlobalSection
EndGlobal
